
Microsoft Visual Studio Solution File, Format Version 12.00
# Visual Studio 15
Project("{FAE04EC0-301F-11D3-BF4B-00C04F79EFBC}") = "Assembly-CSharp", "Assembly-CSharp.csproj", "{B04A7A00-C785-BA9E-C15F-5662E073A43F}"
EndProject
Project("{FAE04EC0-301F-11D3-BF4B-00C04F79EFBC}") = "Assembly-CSharp-Editor", "Assembly-CSharp-Editor.csproj", "{423A6E16-AE53-D425-8EDF-13DB598691D6}"
EndProject
Global
	GlobalSection(SolutionConfigurationPlatforms) = preSolution
		Debug|Any CPU = Debug|Any CPU
		Release|Any CPU = Release|Any CPU
	EndGlobalSection
	GlobalSection(ProjectConfigurationPlatforms) = postSolution
		{B04A7A00-C785-BA9E-C15F-5662E073A43F}.Debug|Any CPU.ActiveCfg = Debug|Any CPU
		{B04A7A00-C785-BA9E-C15F-5662E073A43F}.Debug|Any CPU.Build.0 = Debug|Any CPU
		{B04A7A00-C785-BA9E-C15F-5662E073A43F}.Release|Any CPU.ActiveCfg = Release|Any CPU
		{B04A7A00-C785-BA9E-C15F-5662E073A43F}.Release|Any CPU.Build.0 = Release|Any CPU
		{423A6E16-AE53-D425-8EDF-13DB598691D6}.Debug|Any CPU.ActiveCfg = Debug|Any CPU
		{423A6E16-AE53-D425-8EDF-13DB598691D6}.Debug|Any CPU.Build.0 = Debug|Any CPU
		{423A6E16-AE53-D425-8EDF-13DB598691D6}.Release|Any CPU.ActiveCfg = Release|Any CPU
		{423A6E16-AE53-D425-8EDF-13DB598691D6}.Release|Any CPU.Build.0 = Release|Any CPU
	EndGlobalSection
	GlobalSection(SolutionProperties) = preSolution
		HideSolutionNode = FALSE
	EndGlobalSection
EndGlobal
